# THIS IS AN AUTOGENERATED FILE. DO NOT EDIT THIS FILE DIRECTLY.
# yarn lockfile v1


"@babel/code-frame@7.0.0-beta.42":
  version "7.0.0-beta.42"
  resolved "https://registry.yarnpkg.com/@babel/code-frame/-/code-frame-7.0.0-beta.42.tgz#a9c83233fa7cd06b39dc77adbb908616ff4f1962"
  dependencies:
    "@babel/highlight" "7.0.0-beta.42"

"@babel/helper-module-imports@7.0.0-beta.42":
  version "7.0.0-beta.42"
  resolved "https://registry.yarnpkg.com/@babel/helper-module-imports/-/helper-module-imports-7.0.0-beta.42.tgz#4de334b42fa889d560f15122f66c3bfe1f30cb77"
  dependencies:
    "@babel/types" "7.0.0-beta.42"
    lodash "^4.2.0"

"@babel/helper-module-transforms@7.0.0-beta.42":
  version "7.0.0-beta.42"
  resolved "https://registry.yarnpkg.com/@babel/helper-module-transforms/-/helper-module-transforms-7.0.0-beta.42.tgz#4d260cc786e712e8440bef58dae28040b77a6183"
  dependencies:
    "@babel/helper-module-imports" "7.0.0-beta.42"
    "@babel/helper-simple-access" "7.0.0-beta.42"
    "@babel/helper-split-export-declaration" "7.0.0-beta.42"
    "@babel/template" "7.0.0-beta.42"
    "@babel/types" "7.0.0-beta.42"
    lodash "^4.2.0"

"@babel/helper-plugin-utils@7.0.0-beta.42", "@babel/helper-plugin-utils@^7.0.0-beta.42":
  version "7.0.0-beta.42"
  resolved "https://registry.yarnpkg.com/@babel/helper-plugin-utils/-/helper-plugin-utils-7.0.0-beta.42.tgz#9aa8b3e5dc72abea6b4f686712a7363cb29ea057"

"@babel/helper-simple-access@7.0.0-beta.42":
  version "7.0.0-beta.42"
  resolved "https://registry.yarnpkg.com/@babel/helper-simple-access/-/helper-simple-access-7.0.0-beta.42.tgz#9d32bed186b0bc365115c600817e791c22d72c74"
  dependencies:
    "@babel/template" "7.0.0-beta.42"
    "@babel/types" "7.0.0-beta.42"
    lodash "^4.2.0"

"@babel/helper-split-export-declaration@7.0.0-beta.42":
  version "7.0.0-beta.42"
  resolved "https://registry.yarnpkg.com/@babel/helper-split-export-declaration/-/helper-split-export-declaration-7.0.0-beta.42.tgz#0d0d5254220a9cc4e7e226240306b939dc210ee7"
  dependencies:
    "@babel/types" "7.0.0-beta.42"

"@babel/highlight@7.0.0-beta.42":
  version "7.0.0-beta.42"
  resolved "https://registry.yarnpkg.com/@babel/highlight/-/highlight-7.0.0-beta.42.tgz#a502a1c0d6f99b2b0e81d468a1b0c0e81e3f3623"
  dependencies:
    chalk "^2.0.0"
    esutils "^2.0.2"
    js-tokens "^3.0.0"

"@babel/plugin-transform-modules-commonjs@^7.0.0-beta.42":
  version "7.0.0-beta.42"
  resolved "https://registry.yarnpkg.com/@babel/plugin-transform-modules-commonjs/-/plugin-transform-modules-commonjs-7.0.0-beta.42.tgz#bdfb30e194c8841ec3ddd8a011974102d0d74afc"
  dependencies:
    "@babel/helper-module-transforms" "7.0.0-beta.42"
    "@babel/helper-plugin-utils" "7.0.0-beta.42"
    "@babel/helper-simple-access" "7.0.0-beta.42"

"@babel/template@7.0.0-beta.42":
  version "7.0.0-beta.42"
  resolved "https://registry.yarnpkg.com/@babel/template/-/template-7.0.0-beta.42.tgz#7186d4e70d44cdec975049ba0a73bdaf5cdee052"
  dependencies:
    "@babel/code-frame" "7.0.0-beta.42"
    "@babel/types" "7.0.0-beta.42"
    babylon "7.0.0-beta.42"
    lodash "^4.2.0"

"@babel/types@7.0.0-beta.42":
  version "7.0.0-beta.42"
  resolved "https://registry.yarnpkg.com/@babel/types/-/types-7.0.0-beta.42.tgz#1e2118767684880f6963801b272fd2b3348efacc"
  dependencies:
    esutils "^2.0.2"
    lodash "^4.2.0"
    to-fast-properties "^2.0.0"

ansi-styles@^3.2.1:
  version "3.2.1"
  resolved "https://registry.yarnpkg.com/ansi-styles/-/ansi-styles-3.2.1.tgz#41fbb20243e50b12be0f04b8dedbf07520ce841d"
  dependencies:
    color-convert "^1.9.0"

babel-code-frame@7.0.0-beta.3:
  version "7.0.0-beta.3"
  resolved "https://registry.yarnpkg.com/babel-code-frame/-/babel-code-frame-7.0.0-beta.3.tgz#1614a91b2ba0e3848559f410bbacd030726899c9"
  dependencies:
    chalk "^2.0.0"
    esutils "^2.0.2"
    js-tokens "^3.0.0"

babel-helper-function-name@7.0.0-beta.3:
  version "7.0.0-beta.3"
  resolved "https://registry.yarnpkg.com/babel-helper-function-name/-/babel-helper-function-name-7.0.0-beta.3.tgz#e86dd2eb2c09e06e392e79e203fc02427b24c871"
  dependencies:
    babel-helper-get-function-arity "7.0.0-beta.3"
    babel-template "7.0.0-beta.3"
    babel-traverse "7.0.0-beta.3"
    babel-types "7.0.0-beta.3"

babel-helper-get-function-arity@7.0.0-beta.3:
  version "7.0.0-beta.3"
  resolved "https://registry.yarnpkg.com/babel-helper-get-function-arity/-/babel-helper-get-function-arity-7.0.0-beta.3.tgz#61a47709318a31bc2db872f4be9b4c8447198be8"
  dependencies:
    babel-types "7.0.0-beta.3"

babel-helper-module-imports@7.0.0-beta.3:
  version "7.0.0-beta.3"
  resolved "https://registry.yarnpkg.com/babel-helper-module-imports/-/babel-helper-module-imports-7.0.0-beta.3.tgz#e15764e3af9c8e11810c09f78f498a2bdc71585a"
  dependencies:
    babel-types "7.0.0-beta.3"
    lodash "^4.2.0"

babel-helper-remap-async-to-generator@7.0.0-beta.3:
  version "7.0.0-beta.3"
  resolved "https://registry.yarnpkg.com/babel-helper-remap-async-to-generator/-/babel-helper-remap-async-to-generator-7.0.0-beta.3.tgz#03d300afbbf85262512923caec9790e6e8beeb18"
  dependencies:
    babel-helper-wrap-function "7.0.0-beta.3"
    babel-template "7.0.0-beta.3"
    babel-traverse "7.0.0-beta.3"
    babel-types "7.0.0-beta.3"

babel-helper-wrap-function@7.0.0-beta.3:
  version "7.0.0-beta.3"
  resolved "https://registry.yarnpkg.com/babel-helper-wrap-function/-/babel-helper-wrap-function-7.0.0-beta.3.tgz#0698f3acd2b61bf2ff2f3c8417eb80e878b175fc"
  dependencies:
    babel-helper-function-name "7.0.0-beta.3"
    babel-template "7.0.0-beta.3"
    babel-traverse "7.0.0-beta.3"
    babel-types "7.0.0-beta.3"

babel-plugin-syntax-async-functions@7.0.0-beta.0:
  version "7.0.0-beta.0"
  resolved "https://registry.yarnpkg.com/babel-plugin-syntax-async-functions/-/babel-plugin-syntax-async-functions-7.0.0-beta.0.tgz#2d4074c6167cc78e0bdc49de65902f90e09b59de"

babel-plugin-transform-async-to-module-method@^7.0.0-beta.3:
  version "7.0.0-beta.3"
  resolved "https://registry.yarnpkg.com/babel-plugin-transform-async-to-module-method/-/babel-plugin-transform-async-to-module-method-7.0.0-beta.3.tgz#fbf7e095b0c80f8ce510f4555f13f4cbb64adb57"
  dependencies:
    babel-helper-module-imports "7.0.0-beta.3"
    babel-helper-remap-async-to-generator "7.0.0-beta.3"
    babel-plugin-syntax-async-functions "7.0.0-beta.0"
    babel-types "7.0.0-beta.3"

babel-template@7.0.0-beta.3:
  version "7.0.0-beta.3"
  resolved "https://registry.yarnpkg.com/babel-template/-/babel-template-7.0.0-beta.3.tgz#ebb877b6070ce9912b0d0c22fcad3372165913a8"
  dependencies:
    babel-code-frame "7.0.0-beta.3"
    babel-traverse "7.0.0-beta.3"
    babel-types "7.0.0-beta.3"
    babylon "7.0.0-beta.27"
    lodash "^4.2.0"

babel-traverse@7.0.0-beta.3:
  version "7.0.0-beta.3"
  resolved "https://registry.yarnpkg.com/babel-traverse/-/babel-traverse-7.0.0-beta.3.tgz#3cf0a45d53d934d85275d8770775d7944fc7c199"
  dependencies:
    babel-code-frame "7.0.0-beta.3"
    babel-helper-function-name "7.0.0-beta.3"
    babel-types "7.0.0-beta.3"
    babylon "7.0.0-beta.27"
    debug "^3.0.1"
    globals "^10.0.0"
    invariant "^2.2.0"
    lodash "^4.2.0"

babel-types@7.0.0-beta.3:
  version "7.0.0-beta.3"
  resolved "https://registry.yarnpkg.com/babel-types/-/babel-types-7.0.0-beta.3.tgz#cd927ca70e0ae8ab05f4aab83778cfb3e6eb20b4"
  dependencies:
    esutils "^2.0.2"
    lodash "^4.2.0"
    to-fast-properties "^2.0.0"

babylon@7.0.0-beta.27:
  version "7.0.0-beta.27"
  resolved "https://registry.yarnpkg.com/babylon/-/babylon-7.0.0-beta.27.tgz#b6edd30ef30619e2f630eb52585fdda84e6542cd"

babylon@7.0.0-beta.42:
  version "7.0.0-beta.42"
  resolved "https://registry.yarnpkg.com/babylon/-/babylon-7.0.0-beta.42.tgz#67cfabcd4f3ec82999d29031ccdea89d0ba99657"

chalk@^2.0.0:
  version "2.3.2"
  resolved "https://registry.yarnpkg.com/chalk/-/chalk-2.3.2.tgz#250dc96b07491bfd601e648d66ddf5f60c7a5c65"
  dependencies:
    ansi-styles "^3.2.1"
    escape-string-regexp "^1.0.5"
    supports-color "^5.3.0"

color-convert@^1.9.0:
  version "1.9.1"
  resolved "https://registry.yarnpkg.com/color-convert/-/color-convert-1.9.1.tgz#c1261107aeb2f294ebffec9ed9ecad529a6097ed"
  dependencies:
    color-name "^1.1.1"

color-name@^1.1.1:
  version "1.1.3"
  resolved "https://registry.yarnpkg.com/color-name/-/color-name-1.1.3.tgz#a7d0558bd89c42f795dd42328f740831ca53bc25"

debug@^3.0.1:
  version "3.1.0"
  resolved "https://registry.yarnpkg.com/debug/-/debug-3.1.0.tgz#5bb5a0672628b64149566ba16819e61518c67261"
  dependencies:
    ms "2.0.0"

escape-string-regexp@^1.0.5:
  version "1.0.5"
  resolved "https://registry.yarnpkg.com/escape-string-regexp/-/escape-string-regexp-1.0.5.tgz#1b61c0562190a8dff6ae3bb2cf0200ca130b86d4"

esutils@^2.0.2:
  version "2.0.2"
  resolved "https://registry.yarnpkg.com/esutils/-/esutils-2.0.2.tgz#0abf4f1caa5bcb1f7a9d8acc6dea4faaa04bac9b"

globals@^10.0.0:
  version "10.4.0"
  resolved "https://registry.yarnpkg.com/globals/-/globals-10.4.0.tgz#5c477388b128a9e4c5c5d01c7a2aca68c68b2da7"

has-flag@^3.0.0:
  version "3.0.0"
  resolved "https://registry.yarnpkg.com/has-flag/-/has-flag-3.0.0.tgz#b5d454dc2199ae225699f3467e5a07f3b955bafd"

invariant@^2.2.0:
  version "2.2.4"
  resolved "https://registry.yarnpkg.com/invariant/-/invariant-2.2.4.tgz#610f3c92c9359ce1db616e538008d23ff35158e6"
  dependencies:
    loose-envify "^1.0.0"

js-tokens@^3.0.0:
  version "3.0.2"
  resolved "https://registry.yarnpkg.com/js-tokens/-/js-tokens-3.0.2.tgz#9866df395102130e38f7f996bceb65443209c25b"

lodash@^4.2.0:
  version "4.17.5"
  resolved "https://registry.yarnpkg.com/lodash/-/lodash-4.17.5.tgz#99a92d65c0272debe8c96b6057bc8fbfa3bed511"

loose-envify@^1.0.0:
  version "1.3.1"
  resolved "https://registry.yarnpkg.com/loose-envify/-/loose-envify-1.3.1.tgz#d1a8ad33fa9ce0e713d65fdd0ac8b748d478c848"
  dependencies:
    js-tokens "^3.0.0"

ms@2.0.0:
  version "2.0.0"
  resolved "https://registry.yarnpkg.com/ms/-/ms-2.0.0.tgz#5608aeadfc00be6c2901df5f9861788de0d597c8"

supports-color@^5.3.0:
  version "5.3.0"
  resolved "https://registry.yarnpkg.com/supports-color/-/supports-color-5.3.0.tgz#5b24ac15db80fa927cf5227a4a33fd3c4c7676c0"
  dependencies:
    has-flag "^3.0.0"

to-fast-properties@^2.0.0:
  version "2.0.0"
  resolved "https://registry.yarnpkg.com/to-fast-properties/-/to-fast-properties-2.0.0.tgz#dc5e698cbd079265bc73e0377681a4e4e83f616e"
